
Microsoft Visual Studio Solution File, Format Version 12.00
# Visual Studio 2015
Project("{FAE04EC0-301F-11D3-BF4B-00C04F79EFBC}") = "earth", "earth.csproj", "{2E624C0C-54C8-7156-8776-8FA15756E676}"
EndProject
Project("{FAE04EC0-301F-11D3-BF4B-00C04F79EFBC}") = "earth.Editor", "earth.Editor.csproj", "{00BA82C7-899A-CA4E-D262-56E5CFB5CD36}"
EndProject
Global
	GlobalSection(SolutionConfigurationPlatforms) = preSolution
		Debug|Any CPU = Debug|Any CPU
		Release|Any CPU = Release|Any CPU
	EndGlobalSection
	GlobalSection(ProjectConfigurationPlatforms) = postSolution
		{2E624C0C-54C8-7156-8776-8FA15756E676}.Debug|Any CPU.ActiveCfg = Debug|Any CPU
		{2E624C0C-54C8-7156-8776-8FA15756E676}.Debug|Any CPU.Build.0 = Debug|Any CPU
		{2E624C0C-54C8-7156-8776-8FA15756E676}.Release|Any CPU.ActiveCfg = Release|Any CPU
		{2E624C0C-54C8-7156-8776-8FA15756E676}.Release|Any CPU.Build.0 = Release|Any CPU
		{00BA82C7-899A-CA4E-D262-56E5CFB5CD36}.Debug|Any CPU.ActiveCfg = Debug|Any CPU
		{00BA82C7-899A-CA4E-D262-56E5CFB5CD36}.Debug|Any CPU.Build.0 = Debug|Any CPU
		{00BA82C7-899A-CA4E-D262-56E5CFB5CD36}.Release|Any CPU.ActiveCfg = Release|Any CPU
		{00BA82C7-899A-CA4E-D262-56E5CFB5CD36}.Release|Any CPU.Build.0 = Release|Any CPU
	EndGlobalSection
	GlobalSection(SolutionProperties) = preSolution
		HideSolutionNode = FALSE
	EndGlobalSection
EndGlobal
